
Microsoft Visual Studio Solution File, Format Version 12.00
# Visual Studio Version 17
VisualStudioVersion = 17.13.35919.96 d17.13
MinimumVisualStudioVersion = 10.0.40219.1
Project("{FAE04EC0-301F-11D3-BF4B-00C04F79EFBC}") = "VKRClient", "VKRClient\VKRClient.csproj", "{5988AFB7-138D-479B-8C24-F8311D818F10}"
EndProject
Global
	GlobalSection(SolutionConfigurationPlatforms) = preSolution
		Debug|Any CPU = Debug|Any CPU
		Release|Any CPU = Release|Any CPU
	EndGlobalSection
	GlobalSection(ProjectConfigurationPlatforms) = postSolution
		{5988AFB7-138D-479B-8C24-F8311D818F10}.Debug|Any CPU.ActiveCfg = Debug|Any CPU
		{5988AFB7-138D-479B-8C24-F8311D818F10}.Debug|Any CPU.Build.0 = Debug|Any CPU
		{5988AFB7-138D-479B-8C24-F8311D818F10}.Release|Any CPU.ActiveCfg = Release|Any CPU
		{5988AFB7-138D-479B-8C24-F8311D818F10}.Release|Any CPU.Build.0 = Release|Any CPU
	EndGlobalSection
	GlobalSection(SolutionProperties) = preSolution
		HideSolutionNode = FALSE
	EndGlobalSection
	GlobalSection(ExtensibilityGlobals) = postSolution
		SolutionGuid = {8C95230A-2113-4B37-B363-C930DBCEE31E}
	EndGlobalSection
EndGlobal
